
Microsoft Visual Studio Solution File, Format Version 12.00
# Visual Studio Version 17
VisualStudioVersion = 17.7.34031.279
MinimumVisualStudioVersion = 10.0.40219.1
Project("{FAE04EC0-301F-11D3-BF4B-00C04F79EFBC}") = "Sales.Shared", "Sales.Shared\Sales.Shared.csproj", "{354B2CAA-2261-4AF7-965A-7DAA46017DA4}"
EndProject
Project("{FAE04EC0-301F-11D3-BF4B-00C04F79EFBC}") = "Sales.API", "Sales.API\Sales.API.csproj", "{3B85C6FD-1E39-416E-B54D-236A09A1BD7F}"
EndProject
Project("{FAE04EC0-301F-11D3-BF4B-00C04F79EFBC}") = "Sales.WEB", "Sales.WEB\Sales.WEB.csproj", "{71186A8E-452C-45FA-BD05-EF23A6BD882C}"
EndProject
Global
	GlobalSection(SolutionConfigurationPlatforms) = preSolution
		Debug|Any CPU = Debug|Any CPU
		Release|Any CPU = Release|Any CPU
	EndGlobalSection
	GlobalSection(ProjectConfigurationPlatforms) = postSolution
		{354B2CAA-2261-4AF7-965A-7DAA46017DA4}.Debug|Any CPU.ActiveCfg = Debug|Any CPU
		{354B2CAA-2261-4AF7-965A-7DAA46017DA4}.Debug|Any CPU.Build.0 = Debug|Any CPU
		{354B2CAA-2261-4AF7-965A-7DAA46017DA4}.Release|Any CPU.ActiveCfg = Release|Any CPU
		{354B2CAA-2261-4AF7-965A-7DAA46017DA4}.Release|Any CPU.Build.0 = Release|Any CPU
		{3B85C6FD-1E39-416E-B54D-236A09A1BD7F}.Debug|Any CPU.ActiveCfg = Debug|Any CPU
		{3B85C6FD-1E39-416E-B54D-236A09A1BD7F}.Debug|Any CPU.Build.0 = Debug|Any CPU
		{3B85C6FD-1E39-416E-B54D-236A09A1BD7F}.Release|Any CPU.ActiveCfg = Release|Any CPU
		{3B85C6FD-1E39-416E-B54D-236A09A1BD7F}.Release|Any CPU.Build.0 = Release|Any CPU
		{71186A8E-452C-45FA-BD05-EF23A6BD882C}.Debug|Any CPU.ActiveCfg = Debug|Any CPU
		{71186A8E-452C-45FA-BD05-EF23A6BD882C}.Debug|Any CPU.Build.0 = Debug|Any CPU
		{71186A8E-452C-45FA-BD05-EF23A6BD882C}.Release|Any CPU.ActiveCfg = Release|Any CPU
		{71186A8E-452C-45FA-BD05-EF23A6BD882C}.Release|Any CPU.Build.0 = Release|Any CPU
	EndGlobalSection
	GlobalSection(SolutionProperties) = preSolution
		HideSolutionNode = FALSE
	EndGlobalSection
	GlobalSection(ExtensibilityGlobals) = postSolution
		SolutionGuid = {FC1EB12B-FD5F-48B2-BDBE-CB9DF0C78FB3}
	EndGlobalSection
EndGlobal
